{
  "name": "testfoundry",
  "version": "1.0.0",
  "lockfileVersion": 3,
  "requires": true,
  "packages": {
    "": {
      "name": "testfoundry",
      "version": "1.0.0",
      "license": "ISC",
      "dependencies": {
        "@openzeppelin/contracts": "^4.9.0",
        "@openzeppelin/contracts-upgradeable": "^4.9.0"
      }
    },
    "node_modules/@openzeppelin/contracts": {
      "version": "4.9.0",
      "resolved": "https://registry.npmjs.org/@openzeppelin/contracts/-/contracts-4.9.0.tgz",
      "integrity": "sha512-DUP74AFGKlic2sQb/CmgrN2aUPMFGxRrmCTUxLHsiU2RzwWqVuMPZBxiAyvlff6Pea77uylAX6B5x9W6evEbhA=="
    },
    "node_modules/@openzeppelin/contracts-upgradeable": {
      "version": "4.9.0",
      "resolved": "https://registry.npmjs.org/@openzeppelin/contracts-upgradeable@v4.9.0/-/contracts-upgradeable-4.9.0.tgz",
      "integrity": "sha512-+6i2j6vr2fdudTqkBvG+UOosankukxYzg3WN1nqU7ijjQ5A4osWaD3ip6CEz6YvDoSdZgcFVZoiGr7zRlUUoZw=="
    }
  }
}
